
Microsoft Visual Studio Solution File, Format Version 12.00
# Visual Studio Version 16
VisualStudioVersion = 16.0.29025.244
MinimumVisualStudioVersion = 10.0.40219.1
Project("{FAE04EC0-301F-11D3-BF4B-00C04F79EFBC}") = "ShapeProject", "ShapeProject\ShapeProject.csproj", "{4CAC8BBA-C5FE-482F-BC85-837B226698DE}"
EndProject
Project("{9A19103F-16F7-4668-BE54-9A1E7A4F7556}") = "QuadrilateralTest", "QuadrilateralTest\QuadrilateralTest.csproj", "{7D31B58A-A19A-4E56-B2BC-624FE4701E3A}"
EndProject
Project("{FAE04EC0-301F-11D3-BF4B-00C04F79EFBC}") = "ShapeGenerator", "ShapeGenerator\ShapeGenerator.csproj", "{2EB55F4A-C904-4178-978E-CD69139B84E3}"
EndProject
Global
	GlobalSection(SolutionConfigurationPlatforms) = preSolution
		Debug|Any CPU = Debug|Any CPU
		Release|Any CPU = Release|Any CPU
	EndGlobalSection
	GlobalSection(ProjectConfigurationPlatforms) = postSolution
		{4CAC8BBA-C5FE-482F-BC85-837B226698DE}.Debug|Any CPU.ActiveCfg = Debug|Any CPU
		{4CAC8BBA-C5FE-482F-BC85-837B226698DE}.Debug|Any CPU.Build.0 = Debug|Any CPU
		{4CAC8BBA-C5FE-482F-BC85-837B226698DE}.Release|Any CPU.ActiveCfg = Release|Any CPU
		{4CAC8BBA-C5FE-482F-BC85-837B226698DE}.Release|Any CPU.Build.0 = Release|Any CPU
		{7D31B58A-A19A-4E56-B2BC-624FE4701E3A}.Debug|Any CPU.ActiveCfg = Debug|Any CPU
		{7D31B58A-A19A-4E56-B2BC-624FE4701E3A}.Debug|Any CPU.Build.0 = Debug|Any CPU
		{7D31B58A-A19A-4E56-B2BC-624FE4701E3A}.Release|Any CPU.ActiveCfg = Release|Any CPU
		{7D31B58A-A19A-4E56-B2BC-624FE4701E3A}.Release|Any CPU.Build.0 = Release|Any CPU
		{2EB55F4A-C904-4178-978E-CD69139B84E3}.Debug|Any CPU.ActiveCfg = Debug|Any CPU
		{2EB55F4A-C904-4178-978E-CD69139B84E3}.Debug|Any CPU.Build.0 = Debug|Any CPU
		{2EB55F4A-C904-4178-978E-CD69139B84E3}.Release|Any CPU.ActiveCfg = Release|Any CPU
		{2EB55F4A-C904-4178-978E-CD69139B84E3}.Release|Any CPU.Build.0 = Release|Any CPU
	EndGlobalSection
	GlobalSection(SolutionProperties) = preSolution
		HideSolutionNode = FALSE
	EndGlobalSection
	GlobalSection(ExtensibilityGlobals) = postSolution
		SolutionGuid = {9DC0D4BA-2819-4AE2-8C8A-1651B36CC206}
	EndGlobalSection
EndGlobal
